{
    "_readme": [
        "This file locks the dependencies of your project to a known state",
        "Read more about it at http://getcomposer.org/doc/01-basic-usage.md#composer-lock-the-lock-file",
        "This file is @generated automatically"
    ],
    "hash": "a411625e1527b76924c0ea66f5c519cd",
    "packages": [
        {
            "name": "fortawesome/font-awesome",
            "version": "4.1.0",
            "source": {
                "type": "git",
                "url": "https://github.com/FortAwesome/Font-Awesome.git",
                "reference": "2649d91d18629bab071449b3bc4cb02761037a57"
            },
            "dist": {
                "type": "zip",
                "url": "https://api.github.com/repos/FortAwesome/Font-Awesome/zipball/2649d91d18629bab071449b3bc4cb02761037a57",
                "reference": "2649d91d18629bab071449b3bc4cb02761037a57",
                "shasum": ""
            },
            "require-dev": {
                "jekyll": "1.0.2",
                "lessc": "1.4.2"
            },
            "type": "library",
            "extra": {
                "branch-alias": {
                    "dev-master": "4.0.x-dev"
                }
            },
            "notification-url": "https://packagist.org/downloads/",
            "license": [
                "OFL-1.1",
                "MIT"
            ],
            "authors": [
                {
                    "name": "Dave Gandy",
                    "email": "dave@fontawesome.io",
                    "homepage": "http://twitter.com/davegandy",
                    "role": "Developer"
                }
            ],
            "description": "The iconic font and CSS framework",
            "homepage": "http://fontawesome.io/",
            "keywords": [
                "FontAwesome",
                "awesome",
                "bootstrap",
                "font",
                "icon"
            ],
            "time": "2014-05-14 20:37:30"
        },
        {
            "name": "jqgeeks/jqrouter",
            "version": "dev-master",
            "source": {
                "type": "git",
                "url": "https://gitlab.com/jqgeeks/jqrouter.git",
                "reference": "4dac7a53e4d8f51d6a44f284ad924b91b5aa712a"
            },
            "require": {
                "webmodules/foo": ">=0.0.0"
            },
            "type": "utility",
            "notification-url": "https://packagist.org/downloads/",
            "license": [
                "MIT"
            ],
            "description": "Simple UI URL Router",
            "keywords": [
                "controller",
                "javascript",
                "router"
            ],
            "time": "2015-04-26 19:27:23"
        },
        {
            "name": "jqgeeks/jqtag",
            "version": "dev-master",
            "source": {
                "type": "git",
                "url": "https://gitlab.com/jqgeeks/jqtag.git",
                "reference": "4e512c51f466c2743819d2b55ebefd482f65a8bc"
            },
            "require": {
                "jqgeeks/utils": ">=1.1.3",
                "pitana/pitana.js": "dev-master",
                "webmodules/webcomponentsjs": ">=0.5.2"
            },
            "type": "library",
            "notification-url": "https://packagist.org/downloads/",
            "license": [
                "MIT"
            ],
            "description": "A tag library to comply with jqgeeks/utils",
            "keywords": [
                "polymers",
                "x-tags"
            ],
            "time": "2015-05-22 06:39:10"
        },
        {
            "name": "jqgeeks/tunnel",
            "version": "dev-master",
            "source": {
                "type": "git",
                "url": "https://gitlab.com/jqgeeks/tunnel.git",
                "reference": "fe38ca5f93693ec13783a62e71996368cd5743b8"
            },
            "require": {
                "jqgeeks/utils": ">=1.0.0"
            },
            "type": "library",
            "notification-url": "https://packagist.org/downloads/",
            "license": [
                "MIT"
            ],
            "description": "JQuery Utilitties compatible with rudrax framework",
            "keywords": [
                "api",
                "rudra"
            ],
            "time": "2015-05-08 15:40:45"
        },
        {
            "name": "jqgeeks/utils",
            "version": "dev-master",
            "source": {
                "type": "git",
                "url": "https://gitlab.com/jqgeeks/utils.git",
                "reference": "3a358f32a1cd7e9c295c2ca009ae71d76a6a6c53"
            },
            "require": {
                "webmodules/foo": ">=0.0.4",
                "webmodules/jquery": ">=1.3.0"
            },
            "type": "library",
            "notification-url": "https://packagist.org/downloads/",
            "license": [
                "MIT"
            ],
            "description": "JQuery Utilitties compatible with rudrax framework",
            "keywords": [
                "api",
                "rudra"
            ],
            "time": "2015-06-07 12:34:48"
        },
        {
            "name": "jqmodules/jq2much",
            "version": "dev-master",
            "source": {
                "type": "git",
                "url": "https://github.com/jqmodules/jq2much.git",
                "reference": "1514e19669f3d47c83ebed1eb38089033e33fced"
            },
            "dist": {
                "type": "zip",
                "url": "https://api.github.com/repos/jqmodules/jq2much/zipball/1514e19669f3d47c83ebed1eb38089033e33fced",
                "reference": "1514e19669f3d47c83ebed1eb38089033e33fced",
                "shasum": ""
            },
            "require": {
                "webmodules/foo": ">=0.0.0",
                "webmodules/jquery": ">=1.8"
            },
            "type": "utility",
            "notification-url": "https://packagist.org/downloads/",
            "license": [
                "MIT"
            ],
            "description": "Extension api to jQuery",
            "keywords": [
                "javascript"
            ],
            "time": "2015-06-02 20:11:28"
        },
        {
            "name": "jqtags/jq-switch",
            "version": "dev-master",
            "source": {
                "type": "git",
                "url": "https://gitlab.com/jqtags/jq-switch.git",
                "reference": "699eb2f38cea64da5301e5c0fae732a8ae874bdf"
            },
            "require": {
                "jqgeeks/jqtag": ">=0.0.0"
            },
            "type": "tag",
            "notification-url": "https://packagist.org/downloads/",
            "license": [
                "MIT"
            ],
            "description": "fancy switch/checkbox button",
            "keywords": [
                "pitana",
                "polymer",
                "x-tag"
            ],
            "time": "2015-05-12 16:59:15"
        },
        {
            "name": "jqtags/jq-tab",
            "version": "dev-master",
            "source": {
                "type": "git",
                "url": "https://gitlab.com/jqtags/jq-tab.git",
                "reference": "f2ada74da4503d4019b74970f38c590ce1369590"
            },
            "require": {
                "jqgeeks/jqtag": ">=0.0.0",
                "jqmodules/jq2much": ">=0.0.0"
            },
            "type": "tag",
            "notification-url": "https://packagist.org/downloads/",
            "license": [
                "MIT"
            ],
            "description": "fancy bootstrap tab",
            "keywords": [
                "pitana",
                "polymer",
                "x-tag"
            ],
            "time": "2015-06-07 19:50:23"
        },
        {
            "name": "jqutils/cache",
            "version": "dev-master",
            "source": {
                "type": "git",
                "url": "https://gitlab.com/jqutils/cache.git",
                "reference": "2860fc656fdcf6567bc3c991f4840db29de71674"
            },
            "require": {
                "jqgeeks/utils": "dev-master"
            },
            "type": "utility",
            "notification-url": "https://packagist.org/downloads/",
            "license": [
                "MIT"
            ],
            "description": "A cache utility to manage localStorage at instance level and caching js files on browser",
            "homepage": "https://gitlab.com/jqutils/cache",
            "keywords": [
                "jqgeeks",
                "jqutils",
                "spamjs"
            ],
            "time": "2015-06-07 12:37:00"
        },
        {
            "name": "jqutils/jsonutil",
            "version": "dev-master",
            "source": {
                "type": "git",
                "url": "https://gitlab.com/jqutils/jsonutil.git",
                "reference": "b0c168f311bfa93894028e08ce2adf1212840af8"
            },
            "require": {
                "webmodules/dummy-json": "dev-master"
            },
            "type": "utility",
            "notification-url": "https://packagist.org/downloads/",
            "license": [
                "MIT"
            ],
            "description": "utils.json interceptor to create json from json template",
            "homepage": "https://gitlab.com/jqgeeks/jsonutil",
            "keywords": [
                "jqgeeks",
                "jqutils"
            ],
            "time": "2015-06-07 12:35:47"
        },
        {
            "name": "pitana/pitana.js",
            "version": "dev-master",
            "source": {
                "type": "git",
                "url": "https://github.com/pitana/pitana.js.git",
                "reference": "49641a4113a13d20dfc5f4123ac57d6c57a6a2ca"
            },
            "dist": {
                "type": "zip",
                "url": "https://api.github.com/repos/pitana/pitana.js/zipball/49641a4113a13d20dfc5f4123ac57d6c57a6a2ca",
                "reference": "49641a4113a13d20dfc5f4123ac57d6c57a6a2ca",
                "shasum": ""
            },
            "require": {
                "webmodules/webcomponentsjs": ">=0.5.2"
            },
            "type": "library",
            "notification-url": "https://packagist.org/downloads/",
            "license": [
                "MIT"
            ],
            "description": "pitana.js, framework for developing large scale modular JavaScript applications using Custom Elements",
            "keywords": [
                "framework",
                "scalable",
                "webcomponents"
            ],
            "time": "2015-05-03 09:41:43"
        },
        {
            "name": "spamjs/boot_navbar",
            "version": "dev-master",
            "source": {
                "type": "git",
                "url": "https://gitlab.com/spamjs/boot_navbar.git",
                "reference": "4e686fab43c6b71c66aa1358802c0decbc67ad62"
            },
            "require": {
                "spamjs/module": ">=1.0.0"
            },
            "type": "spam",
            "notification-url": "https://packagist.org/downloads/",
            "license": [
                "MIT"
            ],
            "description": "A fancy sidebar",
            "keywords": [
                "jqgeeks",
                "jqutils",
                "spam"
            ],
            "time": "2015-03-14 23:48:24"
        },
        {
            "name": "spamjs/boot_sidebar",
            "version": "dev-master",
            "source": {
                "type": "git",
                "url": "https://gitlab.com/spamjs/boot_sidebar.git",
                "reference": "c19b5eb68bbdc89d7516a7b144e0000a0a4773f7"
            },
            "require": {
                "spamjs/module": ">=1.0.0"
            },
            "type": "spam",
            "notification-url": "https://packagist.org/downloads/",
            "license": [
                "MIT"
            ],
            "description": "A fancy sidebar",
            "keywords": [
                "api",
                "rudra"
            ],
            "time": "2015-03-14 23:47:31"
        },
        {
            "name": "spamjs/module",
            "version": "dev-master",
            "source": {
                "type": "git",
                "url": "https://gitlab.com/spamjs/module.git",
                "reference": "a724d5707dfdd806213dc8afd78e29eb63428b15"
            },
            "require": {
                "jqgeeks/utils": ">=1.2.6",
                "webmodules/rivets": ">=0.7.1"
            },
            "type": "library",
            "notification-url": "https://packagist.org/downloads/",
            "license": [
                "MIT"
            ],
            "description": "An MVVM framework for single-page-application",
            "keywords": [
                "api",
                "rudra"
            ],
            "time": "2015-06-07 12:38:01"
        },
        {
            "name": "twbs/bootstrap-sass",
            "version": "v3.3.4",
            "source": {
                "type": "git",
                "url": "https://github.com/twbs/bootstrap-sass.git",
                "reference": "1a5c521451d18e72ca57dea2af870ab552f4b42a"
            },
            "dist": {
                "type": "zip",
                "url": "https://api.github.com/repos/twbs/bootstrap-sass/zipball/1a5c521451d18e72ca57dea2af870ab552f4b42a",
                "reference": "1a5c521451d18e72ca57dea2af870ab552f4b42a",
                "shasum": ""
            },
            "type": "library",
            "extra": {
                "branch-alias": {
                    "dev-master": "3.3.x-dev"
                }
            },
            "notification-url": "https://packagist.org/downloads/",
            "license": [
                "MIT"
            ],
            "authors": [
                {
                    "name": "Mark Otto"
                },
                {
                    "name": "Thomas McDonald"
                },
                {
                    "name": "Tristan Harward"
                },
                {
                    "name": "Peter Gumeson"
                },
                {
                    "name": "Gleb Mazovetskiy"
                },
                {
                    "name": "Jacob Thornton"
                }
            ],
            "description": "bootstrap-sass is a Sass-powered version of Bootstrap, ready to drop right into your Sass powered applications.",
            "homepage": "http://github.com/twbs/bootstrap-sass",
            "keywords": [
                "bootstrap",
                "css",
                "sass"
            ],
            "time": "2015-03-16 16:23:24"
        },
        {
            "name": "webmodules/bootstrap",
            "version": "dev-master",
            "source": {
                "type": "git",
                "url": "https://gitlab.com/webmodules/bootstrap.git",
                "reference": "8fca1e04e277538761ddf361615a9a27ffd6407e"
            },
            "require": {
                "webmodules/jquery": ">=2.1.2"
            },
            "suggest": {
                "fortawesome/font-awesome": "4.1.0 - Allows more advanced features",
                "kartik-v/bootstrap-star-rating": "dev-master - Allows more advanced features"
            },
            "type": "library",
            "notification-url": "https://packagist.org/downloads/",
            "license": [
                "MIT"
            ],
            "description": "Simple Bootstrap Fork Compatible with SPAMJS Specs",
            "keywords": [
                "api",
                "rudra"
            ],
            "time": "2015-05-06 16:53:36"
        },
        {
            "name": "webmodules/bootstrap-social",
            "version": "dev-master",
            "source": {
                "type": "git",
                "url": "https://gitlab.com/webmodules/bootstrap-social.git",
                "reference": "2b4e0662cd7c407c128693b289e359f66b44e94e"
            },
            "require": {
                "fortawesome/font-awesome": "4.1.0",
                "webmodules/bootstrap": ">=3.2.0"
            },
            "suggest": {
                "webmodules/bootstrap": "dev-master0 - Allows more advanced features"
            },
            "type": "library",
            "notification-url": "https://packagist.org/downloads/",
            "license": [
                "MIT"
            ],
            "description": "JQuery Utilitties compatible with rudrax framework",
            "keywords": [
                "api",
                "rudra"
            ],
            "time": "2015-05-06 18:29:33"
        },
        {
            "name": "webmodules/dummy-json",
            "version": "dev-master",
            "source": {
                "type": "git",
                "url": "https://gitlab.com/webmodules/dummy-json.git",
                "reference": "5084dd4b7fff9e1e164d13539216df4a4eb5daa0"
            },
            "require": {
                "webmodules/handlebars.js": ">=3.0.1"
            },
            "type": "library",
            "notification-url": "https://packagist.org/downloads/",
            "license": [
                "MIT"
            ],
            "description": "Dummy JSON generator and templating",
            "homepage": "https://github.com/webmodule/dummy-json",
            "keywords": [
                "api",
                "rudra"
            ],
            "time": "2015-05-08 14:10:37"
        },
        {
            "name": "webmodules/foo",
            "version": "dev-master",
            "source": {
                "type": "git",
                "url": "https://gitlab.com/webmodules/foo.git",
                "reference": "90a2c768c26e0034b544fa0ed0c23918d1d4b36b"
            },
            "type": "library",
            "notification-url": "https://packagist.org/downloads/",
            "license": [
                "MIT"
            ],
            "description": "JQuery Utilitties compatible with rudrax framework",
            "keywords": [
                "api",
                "rudra"
            ],
            "time": "2015-05-18 17:39:13"
        },
        {
            "name": "webmodules/handlebars.js",
            "version": "dev-master",
            "source": {
                "type": "git",
                "url": "https://gitlab.com/webmodules/handlebars.js.git",
                "reference": "ffe5ec4feef477bbe0588b1967844a93e0a0e01c"
            },
            "type": "library",
            "notification-url": "https://packagist.org/downloads/",
            "license": [
                "MIT"
            ],
            "authors": [
                {
                    "name": "Chris Wanstrath",
                    "homepage": "http://chriswanstrath.com"
                }
            ],
            "description": "Handlebars.js and Mustache are both logicless templating languages that keep the view and the code separated like we all know they should be.",
            "homepage": "http://handlebarsjs.com",
            "keywords": [
                "handlebars",
                "html",
                "mustache"
            ],
            "time": "2015-05-08 14:19:45"
        },
        {
            "name": "webmodules/jquery",
            "version": "dev-master",
            "source": {
                "type": "git",
                "url": "https://gitlab.com/webmodules/jquery.git",
                "reference": "4c1098955e39ac30aac23a0e091bf35d389983b8"
            },
            "type": "library",
            "notification-url": "https://packagist.org/downloads/",
            "license": [
                "MIT"
            ],
            "description": "JQuery Fork Compatible with SPAMJS framework",
            "keywords": [
                "api",
                "rudra"
            ],
            "time": "2015-05-06 16:42:50"
        },
        {
            "name": "webmodules/rivets",
            "version": "dev-master",
            "source": {
                "type": "git",
                "url": "https://gitlab.com/webmodules/rivets.git",
                "reference": "3916f04c9e7054ead2adc8ee538909791bb191b6"
            },
            "type": "library",
            "notification-url": "https://packagist.org/downloads/",
            "license": [
                "MIT"
            ],
            "description": "Rivets.js is a lightweight data binding and templating system that facilitates building data-driven views.",
            "keywords": [
                "api",
                "rudra"
            ],
            "time": "2014-12-04 09:46:28"
        },
        {
            "name": "webmodules/webcomponentsjs",
            "version": "dev-master",
            "source": {
                "type": "git",
                "url": "https://gitlab.com/webmodules/webcomponentsjs.git",
                "reference": "a7ae34122c3db1149a25436c5e486b549dc52a95"
            },
            "type": "library",
            "notification-url": "https://packagist.org/downloads/",
            "license": [
                "MIT"
            ],
            "description": "A suite of polyfills supporting the HTML Web Components specs: http://webcomponents.org/polyfills/",
            "keywords": [
                "api",
                "rudra"
            ],
            "time": "2015-05-04 17:59:17"
        }
    ],
    "packages-dev": [],
    "aliases": [],
    "minimum-stability": "dev",
    "stability-flags": {
        "webmodules/bootstrap": 20,
        "webmodules/bootstrap-social": 20,
        "jqgeeks/utils": 20,
        "spamjs/boot_navbar": 20,
        "spamjs/boot_sidebar": 20,
        "webmodules/dummy-json": 20,
        "jqutils/cache": 20,
        "jqutils/jsonutil": 20,
        "jqgeeks/jqrouter": 20,
        "jqgeeks/tunnel": 20,
        "jqgeeks/jqtag": 20,
        "jqtags/jq-switch": 20,
        "jqtags/jq-tab": 20
    },
    "prefer-stable": false,
    "prefer-lowest": false,
    "platform": [],
    "platform-dev": []
}
